{
  "name": "moodjournal",
  "version": "1.0.0",
  "lockfileVersion": 3,
  "packages": {
    "": {
      "name": "moodjournal",
      "version": "1.0.0"
    },
    "node_modules/next": {},
    "node_modules/react": {},
    "node_modules/tailwindcss": {},
    "node_modules/@clerk/nextjs": {},
    "node_modules/openai": {},
    "node_modules/typescript": {},
    "node_modules/some-transitive-dep-1": {},
    "node_modules/some-transitive-dep-2": {},
    "node_modules/some-transitive-dep-3": {}
  }
}
